
Microsoft Visual Studio Solution File, Format Version 12.00
# Visual Studio 14
VisualStudioVersion = 14.0.25420.1
MinimumVisualStudioVersion = 10.0.40219.1
Project("{FAE04EC0-301F-11D3-BF4B-00C04F79EFBC}") = "Tricky", "Tricky\Tricky.csproj", "{512F8EB8-EF93-4538-B6A3-1867C83BFE69}"
EndProject
Project("{FAE04EC0-301F-11D3-BF4B-00C04F79EFBC}") = "Delegates", "Delegates\Delegates.csproj", "{1C7CFF48-BFD4-4F0D-A26B-ABC17B60BFE6}"
EndProject
Project("{FAE04EC0-301F-11D3-BF4B-00C04F79EFBC}") = "LINQ_Samples", "LINQ_Samples\LINQ_Samples.csproj", "{E3F71DFE-A5CD-4982-98CC-6808DFF0A5B6}"
EndProject
Project("{FAE04EC0-301F-11D3-BF4B-00C04F79EFBC}") = "Logical", "Logical\Logical.csproj", "{C7BB8EB6-1069-4763-8DC3-994DC3672717}"
EndProject
Project("{FAE04EC0-301F-11D3-BF4B-00C04F79EFBC}") = "MVCSample", "MVCSample\MVCSample.csproj", "{5876D37A-8FE5-411A-BF74-73B612E9E81C}"
EndProject
Global
	GlobalSection(SolutionConfigurationPlatforms) = preSolution
		Debug|Any CPU = Debug|Any CPU
		Release|Any CPU = Release|Any CPU
	EndGlobalSection
	GlobalSection(ProjectConfigurationPlatforms) = postSolution
		{512F8EB8-EF93-4538-B6A3-1867C83BFE69}.Debug|Any CPU.ActiveCfg = Debug|Any CPU
		{512F8EB8-EF93-4538-B6A3-1867C83BFE69}.Debug|Any CPU.Build.0 = Debug|Any CPU
		{512F8EB8-EF93-4538-B6A3-1867C83BFE69}.Release|Any CPU.ActiveCfg = Release|Any CPU
		{512F8EB8-EF93-4538-B6A3-1867C83BFE69}.Release|Any CPU.Build.0 = Release|Any CPU
		{1C7CFF48-BFD4-4F0D-A26B-ABC17B60BFE6}.Debug|Any CPU.ActiveCfg = Debug|Any CPU
		{1C7CFF48-BFD4-4F0D-A26B-ABC17B60BFE6}.Debug|Any CPU.Build.0 = Debug|Any CPU
		{1C7CFF48-BFD4-4F0D-A26B-ABC17B60BFE6}.Release|Any CPU.ActiveCfg = Release|Any CPU
		{1C7CFF48-BFD4-4F0D-A26B-ABC17B60BFE6}.Release|Any CPU.Build.0 = Release|Any CPU
		{E3F71DFE-A5CD-4982-98CC-6808DFF0A5B6}.Debug|Any CPU.ActiveCfg = Debug|Any CPU
		{E3F71DFE-A5CD-4982-98CC-6808DFF0A5B6}.Debug|Any CPU.Build.0 = Debug|Any CPU
		{E3F71DFE-A5CD-4982-98CC-6808DFF0A5B6}.Release|Any CPU.ActiveCfg = Release|Any CPU
		{E3F71DFE-A5CD-4982-98CC-6808DFF0A5B6}.Release|Any CPU.Build.0 = Release|Any CPU
		{C7BB8EB6-1069-4763-8DC3-994DC3672717}.Debug|Any CPU.ActiveCfg = Debug|Any CPU
		{C7BB8EB6-1069-4763-8DC3-994DC3672717}.Debug|Any CPU.Build.0 = Debug|Any CPU
		{C7BB8EB6-1069-4763-8DC3-994DC3672717}.Release|Any CPU.ActiveCfg = Release|Any CPU
		{C7BB8EB6-1069-4763-8DC3-994DC3672717}.Release|Any CPU.Build.0 = Release|Any CPU
		{5876D37A-8FE5-411A-BF74-73B612E9E81C}.Debug|Any CPU.ActiveCfg = Debug|Any CPU
		{5876D37A-8FE5-411A-BF74-73B612E9E81C}.Debug|Any CPU.Build.0 = Debug|Any CPU
		{5876D37A-8FE5-411A-BF74-73B612E9E81C}.Release|Any CPU.ActiveCfg = Release|Any CPU
		{5876D37A-8FE5-411A-BF74-73B612E9E81C}.Release|Any CPU.Build.0 = Release|Any CPU
	EndGlobalSection
	GlobalSection(SolutionProperties) = preSolution
		HideSolutionNode = FALSE
	EndGlobalSection
EndGlobal
